// !$*UTF8*$!
{
	archiveVersion = 1;
	classes = {
	};
	objectVersion = 56;
	objects = {

/* Begin PBXBuildFile section */
		844DC0122C5B6EF40011EACA /* AppDelegate.swift in Sources */ = {isa = PBXBuildFile; fileRef = 844DC0112C5B6EF40011EACA /* AppDelegate.swift */; };
		844DC0142C5B6EF40011EACA /* SceneDelegate.swift in Sources */ = {isa = PBXBuildFile; fileRef = 844DC0132C5B6EF40011EACA /* SceneDelegate.swift */; };
		844DC0162C5B6EF40011EACA /* ViewController.swift in Sources */ = {isa = PBXBuildFile; fileRef = 844DC0152C5B6EF40011EACA /* ViewController.swift */; };
		844DC0192C5B6EF40011EACA /* Base in Resources */ = {isa = PBXBuildFile; fileRef = 844DC0182C5B6EF40011EACA /* Base */; };
		844DC01B2C5B6EF60011EACA /* Assets.xcassets in Resources */ = {isa = PBXBuildFile; fileRef = 844DC01A2C5B6EF60011EACA /* Assets.xcassets */; };
		844DC01E2C5B6EF60011EACA /* Base in Resources */ = {isa = PBXBuildFile; fileRef = 844DC01D2C5B6EF60011EACA /* Base */; };
		844DC0282C5B6F470011EACA /* StoryBrain.swift in Sources */ = {isa = PBXBuildFile; fileRef = 844DC0272C5B6F470011EACA /* StoryBrain.swift */; };
		844DC02A2C5B6F570011EACA /* Story.swift in Sources */ = {isa = PBXBuildFile; fileRef = 844DC0292C5B6F570011EACA /* Story.swift */; };
/* End PBXBuildFile section */

/* Begin PBXFileReference section */
		844DC00E2C5B6EF40011EACA /* Destini.app */ = {isa = PBXFileReference; explicitFileType = wrapper.application; includeInIndex = 0; path = Destini.app; sourceTree = BUILT_PRODUCTS_DIR; };
		844DC0112C5B6EF40011EACA /* AppDelegate.swift */ = {isa = PBXFileReference; lastKnownFileType = sourcecode.swift; path = AppDelegate.swift; sourceTree = "<group>"; };
		844DC0132C5B6EF40011EACA /* SceneDelegate.swift */ = {isa = PBXFileReference; lastKnownFileType = sourcecode.swift; path = SceneDelegate.swift; sourceTree = "<group>"; };
		844DC0152C5B6EF40011EACA /* ViewController.swift */ = {isa = PBXFileReference; lastKnownFileType = sourcecode.swift; path = ViewController.swift; sourceTree = "<group>"; };
		844DC0182C5B6EF40011EACA /* Base */ = {isa = PBXFileReference; lastKnownFileType = file.storyboard; name = Base; path = Base.lproj/Main.storyboard; sourceTree = "<group>"; };
		844DC01A2C5B6EF60011EACA /* Assets.xcassets */ = {isa = PBXFileReference; lastKnownFileType = folder.assetcatalog; path = Assets.xcassets; sourceTree = "<group>"; };
		844DC01D2C5B6EF60011EACA /* Base */ = {isa = PBXFileReference; lastKnownFileType = file.storyboard; name = Base; path = Base.lproj/LaunchScreen.storyboard; sourceTree = "<group>"; };
		844DC01F2C5B6EF60011EACA /* Info.plist */ = {isa = PBXFileReference; lastKnownFileType = text.plist.xml; path = Info.plist; sourceTree = "<group>"; };
		844DC0272C5B6F470011EACA /* StoryBrain.swift */ = {isa = PBXFileReference; lastKnownFileType = sourcecode.swift; path = StoryBrain.swift; sourceTree = "<group>"; };
		844DC0292C5B6F570011EACA /* Story.swift */ = {isa = PBXFileReference; lastKnownFileType = sourcecode.swift; path = Story.swift; sourceTree = "<group>"; };
/* End PBXFileReference section */

/* Begin PBXFrameworksBuildPhase section */
		844DC00B2C5B6EF40011EACA /* Frameworks */ = {
			isa = PBXFrameworksBuildPhase;
			buildActionMask = 2147483647;
			files = (
			);
			runOnlyForDeploymentPostprocessing = 0;
		};
/* End PBXFrameworksBuildPhase section */

/* Begin PBXGroup section */
		844DC0052C5B6EF40011EACA = {
			isa = PBXGroup;
			children = (
				844DC0102C5B6EF40011EACA /* Destini */,
				844DC00F2C5B6EF40011EACA /* Products */,
			);
			sourceTree = "<group>";
		};
		844DC00F2C5B6EF40011EACA /* Products */ = {
			isa = PBXGroup;
			children = (
				844DC00E2C5B6EF40011EACA /* Destini.app */,
			);
			name = Products;
			sourceTree = "<group>";
		};
		844DC0102C5B6EF40011EACA /* Destini */ = {
			isa = PBXGroup;
			children = (
				844DC0112C5B6EF40011EACA /* AppDelegate.swift */,
				844DC0132C5B6EF40011EACA /* SceneDelegate.swift */,
				844DC02B2C5B6F600011EACA /* Model */,
				844DC0262C5B6F150011EACA /* View */,
				844DC0252C5B6F060011EACA /* Controller */,
				844DC01A2C5B6EF60011EACA /* Assets.xcassets */,
				844DC01C2C5B6EF60011EACA /* LaunchScreen.storyboard */,
				844DC01F2C5B6EF60011EACA /* Info.plist */,
			);
			path = Destini;
			sourceTree = "<group>";
		};
		844DC0252C5B6F060011EACA /* Controller */ = {
			isa = PBXGroup;
			children = (
				844DC0152C5B6EF40011EACA /* ViewController.swift */,
			);
			path = Controller;
			sourceTree = "<group>";
		};
		844DC0262C5B6F150011EACA /* View */ = {
			isa = PBXGroup;
			children = (
				844DC0172C5B6EF40011EACA /* Main.storyboard */,
			);
			path = View;
			sourceTree = "<group>";
		};
		844DC02B2C5B6F600011EACA /* Model */ = {
			isa = PBXGroup;
			children = (
				844DC0272C5B6F470011EACA /* StoryBrain.swift */,
				844DC0292C5B6F570011EACA /* Story.swift */,
			);
			path = Model;
			sourceTree = "<group>";
		};
/* End PBXGroup section */

/* Begin PBXNativeTarget section */
		844DC00D2C5B6EF40011EACA /* Destini */ = {
			isa = PBXNativeTarget;
			buildConfigurationList = 844DC0222C5B6EF60011EACA /* Build configuration list for PBXNativeTarget "Destini" */;
			buildPhases = (
				844DC00A2C5B6EF40011EACA /* Sources */,
				844DC00B2C5B6EF40011EACA /* Frameworks */,
				844DC00C2C5B6EF40011EACA /* Resources */,
			);
			buildRules = (
			);
			dependencies = (
			);
			name = Destini;
			productName = Destini;
			productReference = 844DC00E2C5B6EF40011EACA /* Destini.app */;
			productType = "com.apple.product-type.application";
		};
/* End PBXNativeTarget section */

/* Begin PBXProject section */
		844DC0062C5B6EF40011EACA /* Project object */ = {
			isa = PBXProject;
			attributes = {
				BuildIndependentTargetsInParallel = 1;
				LastSwiftUpdateCheck = 1540;
				LastUpgradeCheck = 1540;
				TargetAttributes = {
					844DC00D2C5B6EF40011EACA = {
						CreatedOnToolsVersion = 15.4;
					};
				};
			};
			buildConfigurationList = 844DC0092C5B6EF40011EACA /* Build configuration list for PBXProject "Destini" */;
			compatibilityVersion = "Xcode 14.0";
			developmentRegion = en;
			hasScannedForEncodings = 0;
			knownRegions = (
				en,
				Base,
			);
			mainGroup = 844DC0052C5B6EF40011EACA;
			productRefGroup = 844DC00F2C5B6EF40011EACA /* Products */;
			projectDirPath = "";
			projectRoot = "";
			targets = (
				844DC00D2C5B6EF40011EACA /* Destini */,
			);
		};
/* End PBXProject section */

/* Begin PBXResourcesBuildPhase section */
		844DC00C2C5B6EF40011EACA /* Resources */ = {
			isa = PBXResourcesBuildPhase;
			buildActionMask = 2147483647;
			files = (
				844DC01B2C5B6EF60011EACA /* Assets.xcassets in Resources */,
				844DC01E2C5B6EF60011EACA /* Base in Resources */,
				844DC0192C5B6EF40011EACA /* Base in Resources */,
			);
			runOnlyForDeploymentPostprocessing = 0;
		};
/* End PBXResourcesBuildPhase section */

/* Begin PBXSourcesBuildPhase section */
		844DC00A2C5B6EF40011EACA /* Sources */ = {
			isa = PBXSourcesBuildPhase;
			buildActionMask = 2147483647;
			files = (
				844DC0282C5B6F470011EACA /* StoryBrain.swift in Sources */,
				844DC0162C5B6EF40011EACA /* ViewController.swift in Sources */,
				844DC0122C5B6EF40011EACA /* AppDelegate.swift in Sources */,
				844DC0142C5B6EF40011EACA /* SceneDelegate.swift in Sources */,
				844DC02A2C5B6F570011EACA /* Story.swift in Sources */,
			);
			runOnlyForDeploymentPostprocessing = 0;
		};
/* End PBXSourcesBuildPhase section */

/* Begin PBXVariantGroup section */
		844DC0172C5B6EF40011EACA /* Main.storyboard */ = {
			isa = PBXVariantGroup;
			children = (
				844DC0182C5B6EF40011EACA /* Base */,
			);
			name = Main.storyboard;
			sourceTree = "<group>";
		};
		844DC01C2C5B6EF60011EACA /* LaunchScreen.storyboard */ = {
			isa = PBXVariantGroup;
			children = (
				844DC01D2C5B6EF60011EACA /* Base */,
			);
			name = LaunchScreen.storyboard;
			sourceTree = "<group>";
		};
/* End PBXVariantGroup section */

/* Begin XCBuildConfiguration section */
		844DC0202C5B6EF60011EACA /* Debug */ = {
			isa = XCBuildConfiguration;
			buildSettings = {
				ALWAYS_SEARCH_USER_PATHS = NO;
				ASSETCATALOG_COMPILER_GENERATE_SWIFT_ASSET_SYMBOL_EXTENSIONS = YES;
				CLANG_ANALYZER_NONNULL = YES;
				CLANG_ANALYZER_NUMBER_OBJECT_CONVERSION = YES_AGGRESSIVE;
				CLANG_CXX_LANGUAGE_STANDARD = "gnu++20";
				CLANG_ENABLE_MODULES = YES;
				CLANG_ENABLE_OBJC_ARC = YES;
				CLANG_ENABLE_OBJC_WEAK = YES;
				CLANG_WARN_BLOCK_CAPTURE_AUTORELEASING = YES;
				CLANG_WARN_BOOL_CONVERSION = YES;
				CLANG_WARN_COMMA = YES;
				CLANG_WARN_CONSTANT_CONVERSION = YES;
				CLANG_WARN_DEPRECATED_OBJC_IMPLEMENTATIONS = YES;
				CLANG_WARN_DIRECT_OBJC_ISA_USAGE = YES_ERROR;
				CLANG_WARN_DOCUMENTATION_COMMENTS = YES;
				CLANG_WARN_EMPTY_BODY = YES;
				CLANG_WARN_ENUM_CONVERSION = YES;
				CLANG_WARN_INFINITE_RECURSION = YES;
				CLANG_WARN_INT_CONVERSION = YES;
				CLANG_WARN_NON_LITERAL_NULL_CONVERSION = YES;
				CLANG_WARN_OBJC_IMPLICIT_RETAIN_SELF = YES;
				CLANG_WARN_OBJC_LITERAL_CONVERSION = YES;
				CLANG_WARN_OBJC_ROOT_CLASS = YES_ERROR;
				CLANG_WARN_QUOTED_INCLUDE_IN_FRAMEWORK_HEADER = YES;
				CLANG_WARN_RANGE_LOOP_ANALYSIS = YES;
				CLANG_WARN_STRICT_PROTOTYPES = YES;
				CLANG_WARN_SUSPICIOUS_MOVE = YES;
				CLANG_WARN_UNGUARDED_AVAILABILITY = YES_AGGRESSIVE;
				CLANG_WARN_UNREACHABLE_CODE = YES;
				CLANG_WARN__DUPLICATE_METHOD_MATCH = YES;
				COPY_PHASE_STRIP = NO;
				DEBUG_INFORMATION_FORMAT = dwarf;
				ENABLE_STRICT_OBJC_MSGSEND = YES;
				ENABLE_TESTABILITY = YES;
				ENABLE_USER_SCRIPT_SANDBOXING = YES;
				GCC_C_LANGUAGE_STANDARD = gnu17;
				GCC_DYNAMIC_NO_PIC = NO;
				GCC_NO_COMMON_BLOCKS = YES;
				GCC_OPTIMIZATION_LEVEL = 0;
				GCC_PREPROCESSOR_DEFINITIONS = (
					"DEBUG=1",
					"$(inherited)",
				);
				GCC_WARN_64_TO_32_BIT_CONVERSION = YES;
				GCC_WARN_ABOUT_RETURN_TYPE = YES_ERROR;
				GCC_WARN_UNDECLARED_SELECTOR = YES;
				GCC_WARN_UNINITIALIZED_AUTOS = YES_AGGRESSIVE;
				GCC_WARN_UNUSED_FUNCTION = YES;
				GCC_WARN_UNUSED_VARIABLE = YES;
				IPHONEOS_DEPLOYMENT_TARGET = 17.5;
				LOCALIZATION_PREFERS_STRING_CATALOGS = YES;
				MTL_ENABLE_DEBUG_INFO = INCLUDE_SOURCE;
				MTL_FAST_MATH = YES;
				ONLY_ACTIVE_ARCH = YES;
				SDKROOT = iphoneos;
				SWIFT_ACTIVE_COMPILATION_CONDITIONS = "DEBUG $(inherited)";
				SWIFT_OPTIMIZATION_LEVEL = "-Onone";
			};
			name = Debug;
		};
		844DC0212C5B6EF60011EACA /* Release */ = {
			isa = XCBuildConfiguration;
			buildSettings = {
				ALWAYS_SEARCH_USER_PATHS = NO;
				ASSETCATALOG_COMPILER_GENERATE_SWIFT_ASSET_SYMBOL_EXTENSIONS = YES;
				CLANG_ANALYZER_NONNULL = YES;
				CLANG_ANALYZER_NUMBER_OBJECT_CONVERSION = YES_AGGRESSIVE;
				CLANG_CXX_LANGUAGE_STANDARD = "gnu++20";
				CLANG_ENABLE_MODULES = YES;
				CLANG_ENABLE_OBJC_ARC = YES;
				CLANG_ENABLE_OBJC_WEAK = YES;
				CLANG_WARN_BLOCK_CAPTURE_AUTORELEASING = YES;
				CLANG_WARN_BOOL_CONVERSION = YES;
				CLANG_WARN_COMMA = YES;
				CLANG_WARN_CONSTANT_CONVERSION = YES;
				CLANG_WARN_DEPRECATED_OBJC_IMPLEMENTATIONS = YES;
				CLANG_WARN_DIRECT_OBJC_ISA_USAGE = YES_ERROR;
				CLANG_WARN_DOCUMENTATION_COMMENTS = YES;
				CLANG_WARN_EMPTY_BODY = YES;
				CLANG_WARN_ENUM_CONVERSION = YES;
				CLANG_WARN_INFINITE_RECURSION = YES;
				CLANG_WARN_INT_CONVERSION = YES;
				CLANG_WARN_NON_LITERAL_NULL_CONVERSION = YES;
				CLANG_WARN_OBJC_IMPLICIT_RETAIN_SELF = YES;
				CLANG_WARN_OBJC_LITERAL_CONVERSION = YES;
				CLANG_WARN_OBJC_ROOT_CLASS = YES_ERROR;
				CLANG_WARN_QUOTED_INCLUDE_IN_FRAMEWORK_HEADER = YES;
				CLANG_WARN_RANGE_LOOP_ANALYSIS = YES;
				CLANG_WARN_STRICT_PROTOTYPES = YES;
				CLANG_WARN_SUSPICIOUS_MOVE = YES;
				CLANG_WARN_UNGUARDED_AVAILABILITY = YES_AGGRESSIVE;
				CLANG_WARN_UNREACHABLE_CODE = YES;
				CLANG_WARN__DUPLICATE_METHOD_MATCH = YES;
				COPY_PHASE_STRIP = NO;
				DEBUG_INFORMATION_FORMAT = "dwarf-with-dsym";
				ENABLE_NS_ASSERTIONS = NO;
				ENABLE_STRICT_OBJC_MSGSEND = YES;
				ENABLE_USER_SCRIPT_SANDBOXING = YES;
				GCC_C_LANGUAGE_STANDARD = gnu17;
				GCC_NO_COMMON_BLOCKS = YES;
				GCC_WARN_64_TO_32_BIT_CONVERSION = YES;
				GCC_WARN_ABOUT_RETURN_TYPE = YES_ERROR;
				GCC_WARN_UNDECLARED_SELECTOR = YES;
				GCC_WARN_UNINITIALIZED_AUTOS = YES_AGGRESSIVE;
				GCC_WARN_UNUSED_FUNCTION = YES;
				GCC_WARN_UNUSED_VARIABLE = YES;
				IPHONEOS_DEPLOYMENT_TARGET = 17.5;
				LOCALIZATION_PREFERS_STRING_CATALOGS = YES;
				MTL_ENABLE_DEBUG_INFO = NO;
				MTL_FAST_MATH = YES;
				SDKROOT = iphoneos;
				SWIFT_COMPILATION_MODE = wholemodule;
				VALIDATE_PRODUCT = YES;
			};
			name = Release;
		};
		844DC0232C5B6EF60011EACA /* Debug */ = {
			isa = XCBuildConfiguration;
			buildSettings = {
				ASSETCATALOG_COMPILER_APPICON_NAME = AppIcon;
				ASSETCATALOG_COMPILER_GLOBAL_ACCENT_COLOR_NAME = AccentColor;
				CODE_SIGN_STYLE = Automatic;
				CURRENT_PROJECT_VERSION = 1;
				GENERATE_INFOPLIST_FILE = YES;
				INFOPLIST_FILE = Destini/Info.plist;
				INFOPLIST_KEY_UIApplicationSupportsIndirectInputEvents = YES;
				INFOPLIST_KEY_UILaunchStoryboardName = LaunchScreen;
				INFOPLIST_KEY_UIMainStoryboardFile = Main;
				INFOPLIST_KEY_UISupportedInterfaceOrientations_iPad = "UIInterfaceOrientationPortrait UIInterfaceOrientationPortraitUpsideDown UIInterfaceOrientationLandscapeLeft UIInterfaceOrientationLandscapeRight";
				INFOPLIST_KEY_UISupportedInterfaceOrientations_iPhone = "UIInterfaceOrientationPortrait UIInterfaceOrientationLandscapeLeft UIInterfaceOrientationLandscapeRight";
				LD_RUNPATH_SEARCH_PATHS = (
					"$(inherited)",
					"@executable_path/Frameworks",
				);
				MARKETING_VERSION = 1.0;
				PRODUCT_BUNDLE_IDENTIFIER = com.gofran.Destini;
				PRODUCT_NAME = "$(TARGET_NAME)";
				SWIFT_EMIT_LOC_STRINGS = YES;
				SWIFT_VERSION = 5.0;
				TARGETED_DEVICE_FAMILY = "1,2";
			};
			name = Debug;
		};
		844DC0242C5B6EF60011EACA /* Release */ = {
			isa = XCBuildConfiguration;
			buildSettings = {
				ASSETCATALOG_COMPILER_APPICON_NAME = AppIcon;
				ASSETCATALOG_COMPILER_GLOBAL_ACCENT_COLOR_NAME = AccentColor;
				CODE_SIGN_STYLE = Automatic;
				CURRENT_PROJECT_VERSION = 1;
				GENERATE_INFOPLIST_FILE = YES;
				INFOPLIST_FILE = Destini/Info.plist;
				INFOPLIST_KEY_UIApplicationSupportsIndirectInputEvents = YES;
				INFOPLIST_KEY_UILaunchStoryboardName = LaunchScreen;
				INFOPLIST_KEY_UIMainStoryboardFile = Main;
				INFOPLIST_KEY_UISupportedInterfaceOrientations_iPad = "UIInterfaceOrientationPortrait UIInterfaceOrientationPortraitUpsideDown UIInterfaceOrientationLandscapeLeft UIInterfaceOrientationLandscapeRight";
				INFOPLIST_KEY_UISupportedInterfaceOrientations_iPhone = "UIInterfaceOrientationPortrait UIInterfaceOrientationLandscapeLeft UIInterfaceOrientationLandscapeRight";
				LD_RUNPATH_SEARCH_PATHS = (
					"$(inherited)",
					"@executable_path/Frameworks",
				);
				MARKETING_VERSION = 1.0;
				PRODUCT_BUNDLE_IDENTIFIER = com.gofran.Destini;
				PRODUCT_NAME = "$(TARGET_NAME)";
				SWIFT_EMIT_LOC_STRINGS = YES;
				SWIFT_VERSION = 5.0;
				TARGETED_DEVICE_FAMILY = "1,2";
			};
			name = Release;
		};
/* End XCBuildConfiguration section */

/* Begin XCConfigurationList section */
		844DC0092C5B6EF40011EACA /* Build configuration list for PBXProject "Destini" */ = {
			isa = XCConfigurationList;
			buildConfigurations = (
				844DC0202C5B6EF60011EACA /* Debug */,
				844DC0212C5B6EF60011EACA /* Release */,
			);
			defaultConfigurationIsVisible = 0;
			defaultConfigurationName = Release;
		};
		844DC0222C5B6EF60011EACA /* Build configuration list for PBXNativeTarget "Destini" */ = {
			isa = XCConfigurationList;
			buildConfigurations = (
				844DC0232C5B6EF60011EACA /* Debug */,
				844DC0242C5B6EF60011EACA /* Release */,
			);
			defaultConfigurationIsVisible = 0;
			defaultConfigurationName = Release;
		};
/* End XCConfigurationList section */
	};
	rootObject = 844DC0062C5B6EF40011EACA /* Project object */;
}
